
Microsoft Visual Studio Solution File, Format Version 12.00
# Visual Studio Version 17
VisualStudioVersion = 17.6.33815.320
MinimumVisualStudioVersion = 10.0.40219.1
Project("{9A19103F-16F7-4668-BE54-9A1E7A4F7556}") = "StudentForm.winForms", "StudentForm\StudentForm.winForms.csproj", "{ACD6E91F-1DE7-4309-9BFC-EDCDAE43663C}"
EndProject
Project("{9A19103F-16F7-4668-BE54-9A1E7A4F7556}") = "BackEnd", "DataLayer\BackEnd.csproj", "{6D12AF3F-3BAE-4A1E-837A-C081D02363FE}"
EndProject
Project("{9A19103F-16F7-4668-BE54-9A1E7A4F7556}") = "StudentForm.netJs", "StudentForm1\StudentForm.netJs.csproj", "{9C729ABE-72A4-4145-ABE4-12AA3B7FCFF8}"
EndProject
Project("{9A19103F-16F7-4668-BE54-9A1E7A4F7556}") = "StudentForm.MVC", "StudentForm2\StudentForm.MVC.csproj", "{5F79C80E-033D-476F-99A0-6F02566C071B}"
EndProject
Project("{9A19103F-16F7-4668-BE54-9A1E7A4F7556}") = "StudentForm.Blazor", "StudentForm3\StudentForm.Blazor.csproj", "{EEE1A5E0-6CFC-4721-A76F-4CEF254A65E8}"
EndProject
Project("{FAE04EC0-301F-11D3-BF4B-00C04F79EFBC}") = "StudentForm.aMaui", "StudentForm.aMaui\StudentForm.aMaui.csproj", "{B1A7402D-E7F7-4A92-919D-182578AA74F8}"
EndProject
Global
	GlobalSection(SolutionConfigurationPlatforms) = preSolution
		Debug|Any CPU = Debug|Any CPU
		Release|Any CPU = Release|Any CPU
	EndGlobalSection
	GlobalSection(ProjectConfigurationPlatforms) = postSolution
		{ACD6E91F-1DE7-4309-9BFC-EDCDAE43663C}.Debug|Any CPU.ActiveCfg = Debug|Any CPU
		{ACD6E91F-1DE7-4309-9BFC-EDCDAE43663C}.Debug|Any CPU.Build.0 = Debug|Any CPU
		{ACD6E91F-1DE7-4309-9BFC-EDCDAE43663C}.Release|Any CPU.ActiveCfg = Release|Any CPU
		{ACD6E91F-1DE7-4309-9BFC-EDCDAE43663C}.Release|Any CPU.Build.0 = Release|Any CPU
		{6D12AF3F-3BAE-4A1E-837A-C081D02363FE}.Debug|Any CPU.ActiveCfg = Debug|Any CPU
		{6D12AF3F-3BAE-4A1E-837A-C081D02363FE}.Debug|Any CPU.Build.0 = Debug|Any CPU
		{6D12AF3F-3BAE-4A1E-837A-C081D02363FE}.Release|Any CPU.ActiveCfg = Release|Any CPU
		{6D12AF3F-3BAE-4A1E-837A-C081D02363FE}.Release|Any CPU.Build.0 = Release|Any CPU
		{9C729ABE-72A4-4145-ABE4-12AA3B7FCFF8}.Debug|Any CPU.ActiveCfg = Debug|Any CPU
		{9C729ABE-72A4-4145-ABE4-12AA3B7FCFF8}.Debug|Any CPU.Build.0 = Debug|Any CPU
		{9C729ABE-72A4-4145-ABE4-12AA3B7FCFF8}.Release|Any CPU.ActiveCfg = Release|Any CPU
		{9C729ABE-72A4-4145-ABE4-12AA3B7FCFF8}.Release|Any CPU.Build.0 = Release|Any CPU
		{5F79C80E-033D-476F-99A0-6F02566C071B}.Debug|Any CPU.ActiveCfg = Debug|Any CPU
		{5F79C80E-033D-476F-99A0-6F02566C071B}.Debug|Any CPU.Build.0 = Debug|Any CPU
		{5F79C80E-033D-476F-99A0-6F02566C071B}.Release|Any CPU.ActiveCfg = Release|Any CPU
		{5F79C80E-033D-476F-99A0-6F02566C071B}.Release|Any CPU.Build.0 = Release|Any CPU
		{EEE1A5E0-6CFC-4721-A76F-4CEF254A65E8}.Debug|Any CPU.ActiveCfg = Debug|Any CPU
		{EEE1A5E0-6CFC-4721-A76F-4CEF254A65E8}.Debug|Any CPU.Build.0 = Debug|Any CPU
		{EEE1A5E0-6CFC-4721-A76F-4CEF254A65E8}.Release|Any CPU.ActiveCfg = Release|Any CPU
		{EEE1A5E0-6CFC-4721-A76F-4CEF254A65E8}.Release|Any CPU.Build.0 = Release|Any CPU
		{B1A7402D-E7F7-4A92-919D-182578AA74F8}.Debug|Any CPU.ActiveCfg = Debug|Any CPU
		{B1A7402D-E7F7-4A92-919D-182578AA74F8}.Debug|Any CPU.Build.0 = Debug|Any CPU
		{B1A7402D-E7F7-4A92-919D-182578AA74F8}.Debug|Any CPU.Deploy.0 = Debug|Any CPU
		{B1A7402D-E7F7-4A92-919D-182578AA74F8}.Release|Any CPU.ActiveCfg = Release|Any CPU
		{B1A7402D-E7F7-4A92-919D-182578AA74F8}.Release|Any CPU.Build.0 = Release|Any CPU
		{B1A7402D-E7F7-4A92-919D-182578AA74F8}.Release|Any CPU.Deploy.0 = Release|Any CPU
	EndGlobalSection
	GlobalSection(SolutionProperties) = preSolution
		HideSolutionNode = FALSE
	EndGlobalSection
	GlobalSection(ExtensibilityGlobals) = postSolution
		SolutionGuid = {ADD83F65-BE3A-43B4-A40A-4342FB5CB313}
	EndGlobalSection
EndGlobal
